
Microsoft Visual Studio Solution File, Format Version 12.00
# Visual Studio Version 17
VisualStudioVersion = 17.5.33103.201
MinimumVisualStudioVersion = 10.0.40219.1
Project("{FAE04EC0-301F-11D3-BF4B-00C04F79EFBC}") = "GitUpdateAll", "GitUpdateAll.csproj", "{9315D4FE-8853-4942-B290-D417FD2DBC10}"
EndProject
Global
	GlobalSection(SolutionConfigurationPlatforms) = preSolution
		Debug|Any CPU = Debug|Any CPU
		Release|Any CPU = Release|Any CPU
	EndGlobalSection
	GlobalSection(ProjectConfigurationPlatforms) = postSolution
		{9315D4FE-8853-4942-B290-D417FD2DBC10}.Debug|Any CPU.ActiveCfg = Debug|Any CPU
		{9315D4FE-8853-4942-B290-D417FD2DBC10}.Debug|Any CPU.Build.0 = Debug|Any CPU
		{9315D4FE-8853-4942-B290-D417FD2DBC10}.Release|Any CPU.ActiveCfg = Release|Any CPU
		{9315D4FE-8853-4942-B290-D417FD2DBC10}.Release|Any CPU.Build.0 = Release|Any CPU
	EndGlobalSection
	GlobalSection(SolutionProperties) = preSolution
		HideSolutionNode = FALSE
	EndGlobalSection
	GlobalSection(ExtensibilityGlobals) = postSolution
		SolutionGuid = {C699312D-69BF-4D31-918F-DC584E3F1035}
	EndGlobalSection
EndGlobal
